
Microsoft Visual Studio Solution File, Format Version 12.00
# Visual Studio 14
VisualStudioVersion = 14.0.25420.1
MinimumVisualStudioVersion = 10.0.40219.1
Project("{FAE04EC0-301F-11D3-BF4B-00C04F79EFBC}") = "SIS.TransactionDemo", "TransactionDemo\SIS.TransactionDemo.csproj", "{E706B803-DEB2-477C-AAEF-0A6DBE59385A}"
EndProject
Project("{FAE04EC0-301F-11D3-BF4B-00C04F79EFBC}") = "SIS.Enrollment", "EnrollmentS\SIS.Enrollment.csproj", "{D19338AC-0157-49C7-A2D1-045D20826FA2}"
EndProject
Project("{FAE04EC0-301F-11D3-BF4B-00C04F79EFBC}") = "SIS.Course", "CourseS\SIS.Course.csproj", "{84173F5C-F498-435D-870F-AABCC602FCFE}"
EndProject
Project("{FAE04EC0-301F-11D3-BF4B-00C04F79EFBC}") = "SIS.Shared", "SIS.Shared\SIS.Shared.csproj", "{25007F8D-8C58-4C45-A8DB-D38613D44D2B}"
EndProject
Global
	GlobalSection(SolutionConfigurationPlatforms) = preSolution
		Debug|Any CPU = Debug|Any CPU
		Release|Any CPU = Release|Any CPU
	EndGlobalSection
	GlobalSection(ProjectConfigurationPlatforms) = postSolution
		{E706B803-DEB2-477C-AAEF-0A6DBE59385A}.Debug|Any CPU.ActiveCfg = Debug|Any CPU
		{E706B803-DEB2-477C-AAEF-0A6DBE59385A}.Debug|Any CPU.Build.0 = Debug|Any CPU
		{E706B803-DEB2-477C-AAEF-0A6DBE59385A}.Release|Any CPU.ActiveCfg = Release|Any CPU
		{E706B803-DEB2-477C-AAEF-0A6DBE59385A}.Release|Any CPU.Build.0 = Release|Any CPU
		{D19338AC-0157-49C7-A2D1-045D20826FA2}.Debug|Any CPU.ActiveCfg = Debug|Any CPU
		{D19338AC-0157-49C7-A2D1-045D20826FA2}.Debug|Any CPU.Build.0 = Debug|Any CPU
		{D19338AC-0157-49C7-A2D1-045D20826FA2}.Release|Any CPU.ActiveCfg = Release|Any CPU
		{D19338AC-0157-49C7-A2D1-045D20826FA2}.Release|Any CPU.Build.0 = Release|Any CPU
		{84173F5C-F498-435D-870F-AABCC602FCFE}.Debug|Any CPU.ActiveCfg = Debug|Any CPU
		{84173F5C-F498-435D-870F-AABCC602FCFE}.Debug|Any CPU.Build.0 = Debug|Any CPU
		{84173F5C-F498-435D-870F-AABCC602FCFE}.Release|Any CPU.ActiveCfg = Release|Any CPU
		{84173F5C-F498-435D-870F-AABCC602FCFE}.Release|Any CPU.Build.0 = Release|Any CPU
		{25007F8D-8C58-4C45-A8DB-D38613D44D2B}.Debug|Any CPU.ActiveCfg = Debug|Any CPU
		{25007F8D-8C58-4C45-A8DB-D38613D44D2B}.Debug|Any CPU.Build.0 = Debug|Any CPU
		{25007F8D-8C58-4C45-A8DB-D38613D44D2B}.Release|Any CPU.ActiveCfg = Release|Any CPU
		{25007F8D-8C58-4C45-A8DB-D38613D44D2B}.Release|Any CPU.Build.0 = Release|Any CPU
	EndGlobalSection
	GlobalSection(SolutionProperties) = preSolution
		HideSolutionNode = FALSE
	EndGlobalSection
EndGlobal
